
Microsoft Visual Studio Solution File, Format Version 12.00
# Visual Studio Version 17
VisualStudioVersion = 17.12.35514.174 d17.12
MinimumVisualStudioVersion = 10.0.40219.1
Project("{FAE04EC0-301F-11D3-BF4B-00C04F79EFBC}") = "lumos-asp.net_core-angular.Server", "lumos-asp.net_core-angular.Server\lumos-asp.net_core-angular.Server.csproj", "{81D027B5-6600-43F9-8E33-CAEB6B4C300B}"
EndProject
Project("{54A90642-561A-4BB1-A94E-469ADEE60C69}") = "lumos-asp.net_core-angular.client", "lumos-asp.net_core-angular.client\lumos-asp.net_core-angular.client.esproj", "{32B90444-8845-46FB-BACD-8027E9E9F8B3}"
EndProject
Global
	GlobalSection(SolutionConfigurationPlatforms) = preSolution
		Debug|Any CPU = Debug|Any CPU
		Release|Any CPU = Release|Any CPU
	EndGlobalSection
	GlobalSection(ProjectConfigurationPlatforms) = postSolution
		{81D027B5-6600-43F9-8E33-CAEB6B4C300B}.Debug|Any CPU.ActiveCfg = Debug|Any CPU
		{81D027B5-6600-43F9-8E33-CAEB6B4C300B}.Debug|Any CPU.Build.0 = Debug|Any CPU
		{81D027B5-6600-43F9-8E33-CAEB6B4C300B}.Release|Any CPU.ActiveCfg = Release|Any CPU
		{81D027B5-6600-43F9-8E33-CAEB6B4C300B}.Release|Any CPU.Build.0 = Release|Any CPU
		{32B90444-8845-46FB-BACD-8027E9E9F8B3}.Debug|Any CPU.ActiveCfg = Debug|Any CPU
		{32B90444-8845-46FB-BACD-8027E9E9F8B3}.Debug|Any CPU.Build.0 = Debug|Any CPU
		{32B90444-8845-46FB-BACD-8027E9E9F8B3}.Debug|Any CPU.Deploy.0 = Debug|Any CPU
		{32B90444-8845-46FB-BACD-8027E9E9F8B3}.Release|Any CPU.ActiveCfg = Release|Any CPU
		{32B90444-8845-46FB-BACD-8027E9E9F8B3}.Release|Any CPU.Build.0 = Release|Any CPU
		{32B90444-8845-46FB-BACD-8027E9E9F8B3}.Release|Any CPU.Deploy.0 = Release|Any CPU
	EndGlobalSection
	GlobalSection(SolutionProperties) = preSolution
		HideSolutionNode = FALSE
	EndGlobalSection
EndGlobal
